[[file]]
path = ".claude/CLAUDE.md"
tool = "claude"
sha256 = "bda116f43f7c450b1f3bfc94754ac0d72e3bb307ef31427b485cdd65fa54a472"

[[file]]
path = ".github/copilot-instructions.md"
tool = "github"
sha256 = "6545f7ce40a01d0e3ffe7f176d6da2c9dfd7c5cf1b56163ef289b04c40843d38"

[[file]]
path = ".github/workflows/secret-scan.yml"
tool = "github"
sha256 = "682d27eadc5fc0a206fe75292bbdef5f7085e56b3e3e79de1c4a4e0e98e38bd6"

[[file]]
path = "AGENTS.md"
tool = "codex"
sha256 = "484868fc33907b520e1cc0d56a90aaac6fd256d898799ff533d9bab2a6f15063"
